// !$*UTF8*$!
{
	archiveVersion = 1;
	classes = {
	};
	objectVersion = 56;
	objects = {

/* Begin PBXBuildFile section */
		882C74CF286BD0C000590A2D /* UserCasesApp.swift in Sources */ = {isa = PBXBuildFile; fileRef = 882C74CE286BD0C000590A2D /* UserCasesApp.swift */; };
		882C74D1286BD0C000590A2D /* ContentView.swift in Sources */ = {isa = PBXBuildFile; fileRef = 882C74D0286BD0C000590A2D /* ContentView.swift */; };
		882C74D3286BD0C100590A2D /* Assets.xcassets in Resources */ = {isa = PBXBuildFile; fileRef = 882C74D2286BD0C100590A2D /* Assets.xcassets */; };
		882C74D6286BD0C100590A2D /* Preview Assets.xcassets in Resources */ = {isa = PBXBuildFile; fileRef = 882C74D5286BD0C100590A2D /* Preview Assets.xcassets */; };
		882C74DE286BD76E00590A2D /* Realm in Frameworks */ = {isa = PBXBuildFile; productRef = 882C74DD286BD76E00590A2D /* Realm */; };
		882C74E0286BD76E00590A2D /* RealmSwift in Frameworks */ = {isa = PBXBuildFile; productRef = 882C74DF286BD76E00590A2D /* RealmSwift */; };
		882C74E4286CB96800590A2D /* RealmManager.swift in Sources */ = {isa = PBXBuildFile; fileRef = 882C74E3286CB96800590A2D /* RealmManager.swift */; };
		882C74E7286CCC9B00590A2D /* UseCase.swift in Sources */ = {isa = PBXBuildFile; fileRef = 882C74E6286CCC9B00590A2D /* UseCase.swift */; };
		882C74E9286D024A00590A2D /* Step.swift in Sources */ = {isa = PBXBuildFile; fileRef = 882C74E8286D024A00590A2D /* Step.swift */; };
		882C74EE286D318C00590A2D /* AddEntryView.swift in Sources */ = {isa = PBXBuildFile; fileRef = 882C74ED286D318C00590A2D /* AddEntryView.swift */; };
		882C74F0286E72F100590A2D /* TextInputField.swift in Sources */ = {isa = PBXBuildFile; fileRef = 882C74EF286E72F100590A2D /* TextInputField.swift */; };
		882C74F3286F4DB200590A2D /* Neumorphic in Frameworks */ = {isa = PBXBuildFile; productRef = 882C74F2286F4DB200590A2D /* Neumorphic */; };
/* End PBXBuildFile section */

/* Begin PBXFileReference section */
		882C74CB286BD0C000590A2D /* UserCases.app */ = {isa = PBXFileReference; explicitFileType = wrapper.application; includeInIndex = 0; path = UserCases.app; sourceTree = BUILT_PRODUCTS_DIR; };
		882C74CE286BD0C000590A2D /* UserCasesApp.swift */ = {isa = PBXFileReference; lastKnownFileType = sourcecode.swift; path = UserCasesApp.swift; sourceTree = "<group>"; };
		882C74D0286BD0C000590A2D /* ContentView.swift */ = {isa = PBXFileReference; lastKnownFileType = sourcecode.swift; path = ContentView.swift; sourceTree = "<group>"; };
		882C74D2286BD0C100590A2D /* Assets.xcassets */ = {isa = PBXFileReference; lastKnownFileType = folder.assetcatalog; path = Assets.xcassets; sourceTree = "<group>"; };
		882C74D5286BD0C100590A2D /* Preview Assets.xcassets */ = {isa = PBXFileReference; lastKnownFileType = folder.assetcatalog; path = "Preview Assets.xcassets"; sourceTree = "<group>"; };
		882C74E3286CB96800590A2D /* RealmManager.swift */ = {isa = PBXFileReference; lastKnownFileType = sourcecode.swift; path = RealmManager.swift; sourceTree = "<group>"; };
		882C74E6286CCC9B00590A2D /* UseCase.swift */ = {isa = PBXFileReference; lastKnownFileType = sourcecode.swift; path = UseCase.swift; sourceTree = "<group>"; };
		882C74E8286D024A00590A2D /* Step.swift */ = {isa = PBXFileReference; lastKnownFileType = sourcecode.swift; path = Step.swift; sourceTree = "<group>"; };
		882C74ED286D318C00590A2D /* AddEntryView.swift */ = {isa = PBXFileReference; lastKnownFileType = sourcecode.swift; path = AddEntryView.swift; sourceTree = "<group>"; };
		882C74EF286E72F100590A2D /* TextInputField.swift */ = {isa = PBXFileReference; fileEncoding = 4; lastKnownFileType = sourcecode.swift; path = TextInputField.swift; sourceTree = "<group>"; };
/* End PBXFileReference section */

/* Begin PBXFrameworksBuildPhase section */
		882C74C8286BD0C000590A2D /* Frameworks */ = {
			isa = PBXFrameworksBuildPhase;
			buildActionMask = 2147483647;
			files = (
				882C74E0286BD76E00590A2D /* RealmSwift in Frameworks */,
				882C74DE286BD76E00590A2D /* Realm in Frameworks */,
				882C74F3286F4DB200590A2D /* Neumorphic in Frameworks */,
			);
			runOnlyForDeploymentPostprocessing = 0;
		};
/* End PBXFrameworksBuildPhase section */

/* Begin PBXGroup section */
		882C74C2286BD0C000590A2D = {
			isa = PBXGroup;
			children = (
				882C74CD286BD0C000590A2D /* UserCases */,
				882C74CC286BD0C000590A2D /* Products */,
			);
			sourceTree = "<group>";
		};
		882C74CC286BD0C000590A2D /* Products */ = {
			isa = PBXGroup;
			children = (
				882C74CB286BD0C000590A2D /* UserCases.app */,
			);
			name = Products;
			sourceTree = "<group>";
		};
		882C74CD286BD0C000590A2D /* UserCases */ = {
			isa = PBXGroup;
			children = (
				882C74EF286E72F100590A2D /* TextInputField.swift */,
				882C74EA286D315800590A2D /* Views */,
				882C74E5286CCC5D00590A2D /* Models */,
				882C74E2286CB95500590A2D /* Managers */,
				882C74CE286BD0C000590A2D /* UserCasesApp.swift */,
				882C74D0286BD0C000590A2D /* ContentView.swift */,
				882C74D2286BD0C100590A2D /* Assets.xcassets */,
				882C74D4286BD0C100590A2D /* Preview Content */,
			);
			path = UserCases;
			sourceTree = "<group>";
		};
		882C74D4286BD0C100590A2D /* Preview Content */ = {
			isa = PBXGroup;
			children = (
				882C74D5286BD0C100590A2D /* Preview Assets.xcassets */,
			);
			path = "Preview Content";
			sourceTree = "<group>";
		};
		882C74E2286CB95500590A2D /* Managers */ = {
			isa = PBXGroup;
			children = (
				882C74E3286CB96800590A2D /* RealmManager.swift */,
			);
			path = Managers;
			sourceTree = "<group>";
		};
		882C74E5286CCC5D00590A2D /* Models */ = {
			isa = PBXGroup;
			children = (
				882C74E6286CCC9B00590A2D /* UseCase.swift */,
				882C74E8286D024A00590A2D /* Step.swift */,
			);
			path = Models;
			sourceTree = "<group>";
		};
		882C74EA286D315800590A2D /* Views */ = {
			isa = PBXGroup;
			children = (
				882C74ED286D318C00590A2D /* AddEntryView.swift */,
			);
			path = Views;
			sourceTree = "<group>";
		};
/* End PBXGroup section */

/* Begin PBXNativeTarget section */
		882C74CA286BD0C000590A2D /* UserCases */ = {
			isa = PBXNativeTarget;
			buildConfigurationList = 882C74D9286BD0C100590A2D /* Build configuration list for PBXNativeTarget "UserCases" */;
			buildPhases = (
				882C74C7286BD0C000590A2D /* Sources */,
				882C74C8286BD0C000590A2D /* Frameworks */,
				882C74C9286BD0C000590A2D /* Resources */,
			);
			buildRules = (
			);
			dependencies = (
			);
			name = UserCases;
			packageProductDependencies = (
				882C74DD286BD76E00590A2D /* Realm */,
				882C74DF286BD76E00590A2D /* RealmSwift */,
				882C74F2286F4DB200590A2D /* Neumorphic */,
			);
			productName = UserCases;
			productReference = 882C74CB286BD0C000590A2D /* UserCases.app */;
			productType = "com.apple.product-type.application";
		};
/* End PBXNativeTarget section */

/* Begin PBXProject section */
		882C74C3286BD0C000590A2D /* Project object */ = {
			isa = PBXProject;
			attributes = {
				BuildIndependentTargetsInParallel = 1;
				LastSwiftUpdateCheck = 1400;
				LastUpgradeCheck = 1400;
				TargetAttributes = {
					882C74CA286BD0C000590A2D = {
						CreatedOnToolsVersion = 14.0;
					};
				};
			};
			buildConfigurationList = 882C74C6286BD0C000590A2D /* Build configuration list for PBXProject "UserCases" */;
			compatibilityVersion = "Xcode 14.0";
			developmentRegion = en;
			hasScannedForEncodings = 0;
			knownRegions = (
				en,
				Base,
			);
			mainGroup = 882C74C2286BD0C000590A2D;
			packageReferences = (
				882C74DC286BD76E00590A2D /* XCRemoteSwiftPackageReference "realm-swift" */,
				882C74F1286F4DB200590A2D /* XCRemoteSwiftPackageReference "neumorphic" */,
			);
			productRefGroup = 882C74CC286BD0C000590A2D /* Products */;
			projectDirPath = "";
			projectRoot = "";
			targets = (
				882C74CA286BD0C000590A2D /* UserCases */,
			);
		};
/* End PBXProject section */

/* Begin PBXResourcesBuildPhase section */
		882C74C9286BD0C000590A2D /* Resources */ = {
			isa = PBXResourcesBuildPhase;
			buildActionMask = 2147483647;
			files = (
				882C74D6286BD0C100590A2D /* Preview Assets.xcassets in Resources */,
				882C74D3286BD0C100590A2D /* Assets.xcassets in Resources */,
			);
			runOnlyForDeploymentPostprocessing = 0;
		};
/* End PBXResourcesBuildPhase section */

/* Begin PBXSourcesBuildPhase section */
		882C74C7286BD0C000590A2D /* Sources */ = {
			isa = PBXSourcesBuildPhase;
			buildActionMask = 2147483647;
			files = (
				882C74D1286BD0C000590A2D /* ContentView.swift in Sources */,
				882C74E7286CCC9B00590A2D /* UseCase.swift in Sources */,
				882C74E9286D024A00590A2D /* Step.swift in Sources */,
				882C74EE286D318C00590A2D /* AddEntryView.swift in Sources */,
				882C74CF286BD0C000590A2D /* UserCasesApp.swift in Sources */,
				882C74F0286E72F100590A2D /* TextInputField.swift in Sources */,
				882C74E4286CB96800590A2D /* RealmManager.swift in Sources */,
			);
			runOnlyForDeploymentPostprocessing = 0;
		};
/* End PBXSourcesBuildPhase section */

/* Begin XCBuildConfiguration section */
		882C74D7286BD0C100590A2D /* Debug */ = {
			isa = XCBuildConfiguration;
			buildSettings = {
				ALWAYS_SEARCH_USER_PATHS = NO;
				CLANG_ANALYZER_NONNULL = YES;
				CLANG_ANALYZER_NUMBER_OBJECT_CONVERSION = YES_AGGRESSIVE;
				CLANG_CXX_LANGUAGE_STANDARD = "gnu++17";
				CLANG_ENABLE_MODULES = YES;
				CLANG_ENABLE_OBJC_ARC = YES;
				CLANG_ENABLE_OBJC_WEAK = YES;
				CLANG_WARN_BLOCK_CAPTURE_AUTORELEASING = YES;
				CLANG_WARN_BOOL_CONVERSION = YES;
				CLANG_WARN_COMMA = YES;
				CLANG_WARN_CONSTANT_CONVERSION = YES;
				CLANG_WARN_DEPRECATED_OBJC_IMPLEMENTATIONS = YES;
				CLANG_WARN_DIRECT_OBJC_ISA_USAGE = YES_ERROR;
				CLANG_WARN_DOCUMENTATION_COMMENTS = YES;
				CLANG_WARN_EMPTY_BODY = YES;
				CLANG_WARN_ENUM_CONVERSION = YES;
				CLANG_WARN_INFINITE_RECURSION = YES;
				CLANG_WARN_INT_CONVERSION = YES;
				CLANG_WARN_NON_LITERAL_NULL_CONVERSION = YES;
				CLANG_WARN_OBJC_IMPLICIT_RETAIN_SELF = YES;
				CLANG_WARN_OBJC_LITERAL_CONVERSION = YES;
				CLANG_WARN_OBJC_ROOT_CLASS = YES_ERROR;
				CLANG_WARN_QUOTED_INCLUDE_IN_FRAMEWORK_HEADER = YES;
				CLANG_WARN_RANGE_LOOP_ANALYSIS = YES;
				CLANG_WARN_STRICT_PROTOTYPES = YES;
				CLANG_WARN_SUSPICIOUS_MOVE = YES;
				CLANG_WARN_UNGUARDED_AVAILABILITY = YES_AGGRESSIVE;
				CLANG_WARN_UNREACHABLE_CODE = YES;
				CLANG_WARN__DUPLICATE_METHOD_MATCH = YES;
				COPY_PHASE_STRIP = NO;
				DEBUG_INFORMATION_FORMAT = dwarf;
				ENABLE_STRICT_OBJC_MSGSEND = YES;
				ENABLE_TESTABILITY = YES;
				GCC_C_LANGUAGE_STANDARD = gnu11;
				GCC_DYNAMIC_NO_PIC = NO;
				GCC_NO_COMMON_BLOCKS = YES;
				GCC_OPTIMIZATION_LEVEL = 0;
				GCC_PREPROCESSOR_DEFINITIONS = (
					"DEBUG=1",
					"$(inherited)",
				);
				GCC_WARN_64_TO_32_BIT_CONVERSION = YES;
				GCC_WARN_ABOUT_RETURN_TYPE = YES_ERROR;
				GCC_WARN_UNDECLARED_SELECTOR = YES;
				GCC_WARN_UNINITIALIZED_AUTOS = YES_AGGRESSIVE;
				GCC_WARN_UNUSED_FUNCTION = YES;
				GCC_WARN_UNUSED_VARIABLE = YES;
				IPHONEOS_DEPLOYMENT_TARGET = 16.0;
				MTL_ENABLE_DEBUG_INFO = INCLUDE_SOURCE;
				MTL_FAST_MATH = YES;
				ONLY_ACTIVE_ARCH = YES;
				SDKROOT = iphoneos;
				SWIFT_ACTIVE_COMPILATION_CONDITIONS = DEBUG;
				SWIFT_OPTIMIZATION_LEVEL = "-Onone";
			};
			name = Debug;
		};
		882C74D8286BD0C100590A2D /* Release */ = {
			isa = XCBuildConfiguration;
			buildSettings = {
				ALWAYS_SEARCH_USER_PATHS = NO;
				CLANG_ANALYZER_NONNULL = YES;
				CLANG_ANALYZER_NUMBER_OBJECT_CONVERSION = YES_AGGRESSIVE;
				CLANG_CXX_LANGUAGE_STANDARD = "gnu++17";
				CLANG_ENABLE_MODULES = YES;
				CLANG_ENABLE_OBJC_ARC = YES;
				CLANG_ENABLE_OBJC_WEAK = YES;
				CLANG_WARN_BLOCK_CAPTURE_AUTORELEASING = YES;
				CLANG_WARN_BOOL_CONVERSION = YES;
				CLANG_WARN_COMMA = YES;
				CLANG_WARN_CONSTANT_CONVERSION = YES;
				CLANG_WARN_DEPRECATED_OBJC_IMPLEMENTATIONS = YES;
				CLANG_WARN_DIRECT_OBJC_ISA_USAGE = YES_ERROR;
				CLANG_WARN_DOCUMENTATION_COMMENTS = YES;
				CLANG_WARN_EMPTY_BODY = YES;
				CLANG_WARN_ENUM_CONVERSION = YES;
				CLANG_WARN_INFINITE_RECURSION = YES;
				CLANG_WARN_INT_CONVERSION = YES;
				CLANG_WARN_NON_LITERAL_NULL_CONVERSION = YES;
				CLANG_WARN_OBJC_IMPLICIT_RETAIN_SELF = YES;
				CLANG_WARN_OBJC_LITERAL_CONVERSION = YES;
				CLANG_WARN_OBJC_ROOT_CLASS = YES_ERROR;
				CLANG_WARN_QUOTED_INCLUDE_IN_FRAMEWORK_HEADER = YES;
				CLANG_WARN_RANGE_LOOP_ANALYSIS = YES;
				CLANG_WARN_STRICT_PROTOTYPES = YES;
				CLANG_WARN_SUSPICIOUS_MOVE = YES;
				CLANG_WARN_UNGUARDED_AVAILABILITY = YES_AGGRESSIVE;
				CLANG_WARN_UNREACHABLE_CODE = YES;
				CLANG_WARN__DUPLICATE_METHOD_MATCH = YES;
				COPY_PHASE_STRIP = NO;
				DEBUG_INFORMATION_FORMAT = "dwarf-with-dsym";
				ENABLE_NS_ASSERTIONS = NO;
				ENABLE_STRICT_OBJC_MSGSEND = YES;
				GCC_C_LANGUAGE_STANDARD = gnu11;
				GCC_NO_COMMON_BLOCKS = YES;
				GCC_WARN_64_TO_32_BIT_CONVERSION = YES;
				GCC_WARN_ABOUT_RETURN_TYPE = YES_ERROR;
				GCC_WARN_UNDECLARED_SELECTOR = YES;
				GCC_WARN_UNINITIALIZED_AUTOS = YES_AGGRESSIVE;
				GCC_WARN_UNUSED_FUNCTION = YES;
				GCC_WARN_UNUSED_VARIABLE = YES;
				IPHONEOS_DEPLOYMENT_TARGET = 16.0;
				MTL_ENABLE_DEBUG_INFO = NO;
				MTL_FAST_MATH = YES;
				SDKROOT = iphoneos;
				SWIFT_COMPILATION_MODE = wholemodule;
				SWIFT_OPTIMIZATION_LEVEL = "-O";
				VALIDATE_PRODUCT = YES;
			};
			name = Release;
		};
		882C74DA286BD0C100590A2D /* Debug */ = {
			isa = XCBuildConfiguration;
			buildSettings = {
				ASSETCATALOG_COMPILER_APPICON_NAME = AppIcon;
				ASSETCATALOG_COMPILER_GLOBAL_ACCENT_COLOR_NAME = AccentColor;
				CODE_SIGN_STYLE = Automatic;
				CURRENT_PROJECT_VERSION = 1;
				DEVELOPMENT_ASSET_PATHS = "\"UserCases/Preview Content\"";
				ENABLE_PREVIEWS = YES;
				GENERATE_INFOPLIST_FILE = YES;
				INFOPLIST_KEY_UIApplicationSceneManifest_Generation = YES;
				INFOPLIST_KEY_UIApplicationSupportsIndirectInputEvents = YES;
				INFOPLIST_KEY_UILaunchScreen_Generation = YES;
				INFOPLIST_KEY_UISupportedInterfaceOrientations_iPad = "UIInterfaceOrientationPortrait UIInterfaceOrientationPortraitUpsideDown UIInterfaceOrientationLandscapeLeft UIInterfaceOrientationLandscapeRight";
				INFOPLIST_KEY_UISupportedInterfaceOrientations_iPhone = "UIInterfaceOrientationPortrait UIInterfaceOrientationLandscapeLeft UIInterfaceOrientationLandscapeRight";
				LD_RUNPATH_SEARCH_PATHS = (
					"$(inherited)",
					"@executable_path/Frameworks",
				);
				MARKETING_VERSION = 1.0;
				PRODUCT_BUNDLE_IDENTIFIER = com.ethankisiel.UserCases;
				PRODUCT_NAME = "$(TARGET_NAME)";
				SWIFT_EMIT_LOC_STRINGS = YES;
				SWIFT_VERSION = 5.0;
				TARGETED_DEVICE_FAMILY = "1,2";
			};
			name = Debug;
		};
		882C74DB286BD0C100590A2D /* Release */ = {
			isa = XCBuildConfiguration;
			buildSettings = {
				ASSETCATALOG_COMPILER_APPICON_NAME = AppIcon;
				ASSETCATALOG_COMPILER_GLOBAL_ACCENT_COLOR_NAME = AccentColor;
				CODE_SIGN_STYLE = Automatic;
				CURRENT_PROJECT_VERSION = 1;
				DEVELOPMENT_ASSET_PATHS = "\"UserCases/Preview Content\"";
				ENABLE_PREVIEWS = YES;
				GENERATE_INFOPLIST_FILE = YES;
				INFOPLIST_KEY_UIApplicationSceneManifest_Generation = YES;
				INFOPLIST_KEY_UIApplicationSupportsIndirectInputEvents = YES;
				INFOPLIST_KEY_UILaunchScreen_Generation = YES;
				INFOPLIST_KEY_UISupportedInterfaceOrientations_iPad = "UIInterfaceOrientationPortrait UIInterfaceOrientationPortraitUpsideDown UIInterfaceOrientationLandscapeLeft UIInterfaceOrientationLandscapeRight";
				INFOPLIST_KEY_UISupportedInterfaceOrientations_iPhone = "UIInterfaceOrientationPortrait UIInterfaceOrientationLandscapeLeft UIInterfaceOrientationLandscapeRight";
				LD_RUNPATH_SEARCH_PATHS = (
					"$(inherited)",
					"@executable_path/Frameworks",
				);
				MARKETING_VERSION = 1.0;
				PRODUCT_BUNDLE_IDENTIFIER = com.ethankisiel.UserCases;
				PRODUCT_NAME = "$(TARGET_NAME)";
				SWIFT_EMIT_LOC_STRINGS = YES;
				SWIFT_VERSION = 5.0;
				TARGETED_DEVICE_FAMILY = "1,2";
			};
			name = Release;
		};
/* End XCBuildConfiguration section */

/* Begin XCConfigurationList section */
		882C74C6286BD0C000590A2D /* Build configuration list for PBXProject "UserCases" */ = {
			isa = XCConfigurationList;
			buildConfigurations = (
				882C74D7286BD0C100590A2D /* Debug */,
				882C74D8286BD0C100590A2D /* Release */,
			);
			defaultConfigurationIsVisible = 0;
			defaultConfigurationName = Release;
		};
		882C74D9286BD0C100590A2D /* Build configuration list for PBXNativeTarget "UserCases" */ = {
			isa = XCConfigurationList;
			buildConfigurations = (
				882C74DA286BD0C100590A2D /* Debug */,
				882C74DB286BD0C100590A2D /* Release */,
			);
			defaultConfigurationIsVisible = 0;
			defaultConfigurationName = Release;
		};
/* End XCConfigurationList section */

/* Begin XCRemoteSwiftPackageReference section */
		882C74DC286BD76E00590A2D /* XCRemoteSwiftPackageReference "realm-swift" */ = {
			isa = XCRemoteSwiftPackageReference;
			repositoryURL = "https://github.com/realm/realm-swift.git";
			requirement = {
				branch = master;
				kind = branch;
			};
		};
		882C74F1286F4DB200590A2D /* XCRemoteSwiftPackageReference "neumorphic" */ = {
			isa = XCRemoteSwiftPackageReference;
			repositoryURL = "https://github.com/costachung/neumorphic/";
			requirement = {
				branch = master;
				kind = branch;
			};
		};
/* End XCRemoteSwiftPackageReference section */

/* Begin XCSwiftPackageProductDependency section */
		882C74DD286BD76E00590A2D /* Realm */ = {
			isa = XCSwiftPackageProductDependency;
			package = 882C74DC286BD76E00590A2D /* XCRemoteSwiftPackageReference "realm-swift" */;
			productName = Realm;
		};
		882C74DF286BD76E00590A2D /* RealmSwift */ = {
			isa = XCSwiftPackageProductDependency;
			package = 882C74DC286BD76E00590A2D /* XCRemoteSwiftPackageReference "realm-swift" */;
			productName = RealmSwift;
		};
		882C74F2286F4DB200590A2D /* Neumorphic */ = {
			isa = XCSwiftPackageProductDependency;
			package = 882C74F1286F4DB200590A2D /* XCRemoteSwiftPackageReference "neumorphic" */;
			productName = Neumorphic;
		};
/* End XCSwiftPackageProductDependency section */
	};
	rootObject = 882C74C3286BD0C000590A2D /* Project object */;
}
